
Microsoft Visual Studio Solution File, Format Version 12.00
# Visual Studio 15
VisualStudioVersion = 15.0.26124.0
MinimumVisualStudioVersion = 15.0.26124.0
Project("{2150E333-8FDC-42A3-9474-1A3956D46DE8}") = "Creational", "Creational", "{F13F4996-6D0A-412E-B542-15760A125337}"
EndProject
Project("{FAE04EC0-301F-11D3-BF4B-00C04F79EFBC}") = "AbstractFactory", "Creational\AbstractFactory\AbstractFactory.csproj", "{C710E75A-BBC1-49C2-A249-47F1D2ECD1BB}"
EndProject
Project("{FAE04EC0-301F-11D3-BF4B-00C04F79EFBC}") = "Builder", "Creational\Builder\Builder.csproj", "{219BF0ED-DF1E-420F-AAB7-3F568A4B29FF}"
EndProject
Project("{FAE04EC0-301F-11D3-BF4B-00C04F79EFBC}") = "FactoryMethod", "Creational\FactoryMethod\FactoryMethod.csproj", "{25EAF709-B0F2-48CA-8F71-0EA82940CB7F}"
EndProject
Project("{FAE04EC0-301F-11D3-BF4B-00C04F79EFBC}") = "Prototype", "Creational\Prototype\Prototype.csproj", "{6D0E5E76-6B7A-41D0-9E06-C141BA38152B}"
EndProject
Project("{FAE04EC0-301F-11D3-BF4B-00C04F79EFBC}") = "SimpleFactory", "Creational\SimpleFactory\SimpleFactory.csproj", "{68082B89-ECF2-4801-B9FC-75557C8CBA99}"
EndProject
Project("{FAE04EC0-301F-11D3-BF4B-00C04F79EFBC}") = "Singleton", "Creational\Singleton\Singleton.csproj", "{40CD805B-F664-4B26-A165-FB00EEA1D9E8}"
EndProject
Project("{2150E333-8FDC-42A3-9474-1A3956D46DE8}") = "Structural", "Structural", "{B40B65ED-BEBE-495E-9259-BB1F103E57A0}"
EndProject
Project("{FAE04EC0-301F-11D3-BF4B-00C04F79EFBC}") = "Adapter", "Structural\Adapter\Adapter.csproj", "{BDE75252-B1BB-480A-A7AE-3114E939F3B8}"
EndProject
Project("{FAE04EC0-301F-11D3-BF4B-00C04F79EFBC}") = "Bridge", "Structural\Bridge\Bridge.csproj", "{F8000BCB-676A-40F0-9CF0-07827FA32738}"
EndProject
Project("{FAE04EC0-301F-11D3-BF4B-00C04F79EFBC}") = "Composite", "Structural\Composite\Composite.csproj", "{04B99A89-5A47-4FB4-B7FE-40F1B9007899}"
EndProject
Project("{FAE04EC0-301F-11D3-BF4B-00C04F79EFBC}") = "Decorator", "Structural\Decorator\Decorator.csproj", "{B32B8700-8C8F-497C-A085-728703A227C3}"
EndProject
Project("{FAE04EC0-301F-11D3-BF4B-00C04F79EFBC}") = "Facade", "Structural\Facade\Facade.csproj", "{A14CCEB7-BBFF-46C0-A725-C764EDF505FB}"
EndProject
Project("{FAE04EC0-301F-11D3-BF4B-00C04F79EFBC}") = "Proxy", "Structural\Proxy\Proxy.csproj", "{28298DF6-1410-44E0-A21A-1FD4EA96B642}"
EndProject
Project("{FAE04EC0-301F-11D3-BF4B-00C04F79EFBC}") = "Flyweight", "Structural\Flyweight\Flyweight.csproj", "{EA37547B-7872-437B-ABF1-B0D25F8F1E48}"
EndProject
Project("{2150E333-8FDC-42A3-9474-1A3956D46DE8}") = "Behavioral", "Behavioral", "{1B39097B-5F93-44FF-83CC-5830555ABD80}"
EndProject
Project("{FAE04EC0-301F-11D3-BF4B-00C04F79EFBC}") = "ChainOfResponsibility", "Behavioral\ChainOfResponsibility\ChainOfResponsibility.csproj", "{F1B429B5-EDBB-46F4-BEE7-7DFF6D403B99}"
EndProject
Project("{FAE04EC0-301F-11D3-BF4B-00C04F79EFBC}") = "Command", "Behavioral\Command\Command.csproj", "{5704CBCA-84DB-4919-8DE9-8F111486CB88}"
EndProject
Project("{FAE04EC0-301F-11D3-BF4B-00C04F79EFBC}") = "Interpreter", "Behavioral\Interpreter\Interpreter.csproj", "{F0926C60-6030-4726-9FC9-DA27D2BC43B0}"
EndProject
Project("{FAE04EC0-301F-11D3-BF4B-00C04F79EFBC}") = "Iterator", "Behavioral\Iterator\Iterator.csproj", "{6EE68D80-1B25-4B37-A6EE-CB392FC52967}"
EndProject
Project("{FAE04EC0-301F-11D3-BF4B-00C04F79EFBC}") = "Mediator", "Behavioral\Mediator\Mediator.csproj", "{3EDE1B83-FC41-4A86-AF7E-7E8246DFA91D}"
EndProject
Project("{FAE04EC0-301F-11D3-BF4B-00C04F79EFBC}") = "Momento", "Behavioral\Momento\Momento.csproj", "{1A731ACA-8418-4ED8-98C6-538E522D8B77}"
EndProject
Project("{FAE04EC0-301F-11D3-BF4B-00C04F79EFBC}") = "Observer", "Behavioral\Observer\Observer.csproj", "{402386D1-1AA0-4BBD-8EC1-B087F38A61E9}"
EndProject
Project("{FAE04EC0-301F-11D3-BF4B-00C04F79EFBC}") = "Strategy", "Behavioral\Strategy\Strategy.csproj", "{D2A04F7A-8050-45B5-8D98-ADE3C0976F6C}"
EndProject
Project("{FAE04EC0-301F-11D3-BF4B-00C04F79EFBC}") = "TemplateMethod", "Behavioral\TemplateMethod\TemplateMethod.csproj", "{0D11D95C-B6EF-464B-9505-6B79D8833AE3}"
EndProject
Global
	GlobalSection(SolutionConfigurationPlatforms) = preSolution
		Debug|Any CPU = Debug|Any CPU
		Debug|x64 = Debug|x64
		Debug|x86 = Debug|x86
		Release|Any CPU = Release|Any CPU
		Release|x64 = Release|x64
		Release|x86 = Release|x86
	EndGlobalSection
	GlobalSection(SolutionProperties) = preSolution
		HideSolutionNode = FALSE
	EndGlobalSection
	GlobalSection(ProjectConfigurationPlatforms) = postSolution
		{C710E75A-BBC1-49C2-A249-47F1D2ECD1BB}.Debug|Any CPU.ActiveCfg = Debug|Any CPU
		{C710E75A-BBC1-49C2-A249-47F1D2ECD1BB}.Debug|Any CPU.Build.0 = Debug|Any CPU
		{C710E75A-BBC1-49C2-A249-47F1D2ECD1BB}.Debug|x64.ActiveCfg = Debug|Any CPU
		{C710E75A-BBC1-49C2-A249-47F1D2ECD1BB}.Debug|x64.Build.0 = Debug|Any CPU
		{C710E75A-BBC1-49C2-A249-47F1D2ECD1BB}.Debug|x86.ActiveCfg = Debug|Any CPU
		{C710E75A-BBC1-49C2-A249-47F1D2ECD1BB}.Debug|x86.Build.0 = Debug|Any CPU
		{C710E75A-BBC1-49C2-A249-47F1D2ECD1BB}.Release|Any CPU.ActiveCfg = Release|Any CPU
		{C710E75A-BBC1-49C2-A249-47F1D2ECD1BB}.Release|Any CPU.Build.0 = Release|Any CPU
		{C710E75A-BBC1-49C2-A249-47F1D2ECD1BB}.Release|x64.ActiveCfg = Release|Any CPU
		{C710E75A-BBC1-49C2-A249-47F1D2ECD1BB}.Release|x64.Build.0 = Release|Any CPU
		{C710E75A-BBC1-49C2-A249-47F1D2ECD1BB}.Release|x86.ActiveCfg = Release|Any CPU
		{C710E75A-BBC1-49C2-A249-47F1D2ECD1BB}.Release|x86.Build.0 = Release|Any CPU
		{219BF0ED-DF1E-420F-AAB7-3F568A4B29FF}.Debug|Any CPU.ActiveCfg = Debug|Any CPU
		{219BF0ED-DF1E-420F-AAB7-3F568A4B29FF}.Debug|Any CPU.Build.0 = Debug|Any CPU
		{219BF0ED-DF1E-420F-AAB7-3F568A4B29FF}.Debug|x64.ActiveCfg = Debug|Any CPU
		{219BF0ED-DF1E-420F-AAB7-3F568A4B29FF}.Debug|x64.Build.0 = Debug|Any CPU
		{219BF0ED-DF1E-420F-AAB7-3F568A4B29FF}.Debug|x86.ActiveCfg = Debug|Any CPU
		{219BF0ED-DF1E-420F-AAB7-3F568A4B29FF}.Debug|x86.Build.0 = Debug|Any CPU
		{219BF0ED-DF1E-420F-AAB7-3F568A4B29FF}.Release|Any CPU.ActiveCfg = Release|Any CPU
		{219BF0ED-DF1E-420F-AAB7-3F568A4B29FF}.Release|Any CPU.Build.0 = Release|Any CPU
		{219BF0ED-DF1E-420F-AAB7-3F568A4B29FF}.Release|x64.ActiveCfg = Release|Any CPU
		{219BF0ED-DF1E-420F-AAB7-3F568A4B29FF}.Release|x64.Build.0 = Release|Any CPU
		{219BF0ED-DF1E-420F-AAB7-3F568A4B29FF}.Release|x86.ActiveCfg = Release|Any CPU
		{219BF0ED-DF1E-420F-AAB7-3F568A4B29FF}.Release|x86.Build.0 = Release|Any CPU
		{25EAF709-B0F2-48CA-8F71-0EA82940CB7F}.Debug|Any CPU.ActiveCfg = Debug|Any CPU
		{25EAF709-B0F2-48CA-8F71-0EA82940CB7F}.Debug|Any CPU.Build.0 = Debug|Any CPU
		{25EAF709-B0F2-48CA-8F71-0EA82940CB7F}.Debug|x64.ActiveCfg = Debug|Any CPU
		{25EAF709-B0F2-48CA-8F71-0EA82940CB7F}.Debug|x64.Build.0 = Debug|Any CPU
		{25EAF709-B0F2-48CA-8F71-0EA82940CB7F}.Debug|x86.ActiveCfg = Debug|Any CPU
		{25EAF709-B0F2-48CA-8F71-0EA82940CB7F}.Debug|x86.Build.0 = Debug|Any CPU
		{25EAF709-B0F2-48CA-8F71-0EA82940CB7F}.Release|Any CPU.ActiveCfg = Release|Any CPU
		{25EAF709-B0F2-48CA-8F71-0EA82940CB7F}.Release|Any CPU.Build.0 = Release|Any CPU
		{25EAF709-B0F2-48CA-8F71-0EA82940CB7F}.Release|x64.ActiveCfg = Release|Any CPU
		{25EAF709-B0F2-48CA-8F71-0EA82940CB7F}.Release|x64.Build.0 = Release|Any CPU
		{25EAF709-B0F2-48CA-8F71-0EA82940CB7F}.Release|x86.ActiveCfg = Release|Any CPU
		{25EAF709-B0F2-48CA-8F71-0EA82940CB7F}.Release|x86.Build.0 = Release|Any CPU
		{6D0E5E76-6B7A-41D0-9E06-C141BA38152B}.Debug|Any CPU.ActiveCfg = Debug|Any CPU
		{6D0E5E76-6B7A-41D0-9E06-C141BA38152B}.Debug|Any CPU.Build.0 = Debug|Any CPU
		{6D0E5E76-6B7A-41D0-9E06-C141BA38152B}.Debug|x64.ActiveCfg = Debug|Any CPU
		{6D0E5E76-6B7A-41D0-9E06-C141BA38152B}.Debug|x64.Build.0 = Debug|Any CPU
		{6D0E5E76-6B7A-41D0-9E06-C141BA38152B}.Debug|x86.ActiveCfg = Debug|Any CPU
		{6D0E5E76-6B7A-41D0-9E06-C141BA38152B}.Debug|x86.Build.0 = Debug|Any CPU
		{6D0E5E76-6B7A-41D0-9E06-C141BA38152B}.Release|Any CPU.ActiveCfg = Release|Any CPU
		{6D0E5E76-6B7A-41D0-9E06-C141BA38152B}.Release|Any CPU.Build.0 = Release|Any CPU
		{6D0E5E76-6B7A-41D0-9E06-C141BA38152B}.Release|x64.ActiveCfg = Release|Any CPU
		{6D0E5E76-6B7A-41D0-9E06-C141BA38152B}.Release|x64.Build.0 = Release|Any CPU
		{6D0E5E76-6B7A-41D0-9E06-C141BA38152B}.Release|x86.ActiveCfg = Release|Any CPU
		{6D0E5E76-6B7A-41D0-9E06-C141BA38152B}.Release|x86.Build.0 = Release|Any CPU
		{68082B89-ECF2-4801-B9FC-75557C8CBA99}.Debug|Any CPU.ActiveCfg = Debug|Any CPU
		{68082B89-ECF2-4801-B9FC-75557C8CBA99}.Debug|Any CPU.Build.0 = Debug|Any CPU
		{68082B89-ECF2-4801-B9FC-75557C8CBA99}.Debug|x64.ActiveCfg = Debug|Any CPU
		{68082B89-ECF2-4801-B9FC-75557C8CBA99}.Debug|x64.Build.0 = Debug|Any CPU
		{68082B89-ECF2-4801-B9FC-75557C8CBA99}.Debug|x86.ActiveCfg = Debug|Any CPU
		{68082B89-ECF2-4801-B9FC-75557C8CBA99}.Debug|x86.Build.0 = Debug|Any CPU
		{68082B89-ECF2-4801-B9FC-75557C8CBA99}.Release|Any CPU.ActiveCfg = Release|Any CPU
		{68082B89-ECF2-4801-B9FC-75557C8CBA99}.Release|Any CPU.Build.0 = Release|Any CPU
		{68082B89-ECF2-4801-B9FC-75557C8CBA99}.Release|x64.ActiveCfg = Release|Any CPU
		{68082B89-ECF2-4801-B9FC-75557C8CBA99}.Release|x64.Build.0 = Release|Any CPU
		{68082B89-ECF2-4801-B9FC-75557C8CBA99}.Release|x86.ActiveCfg = Release|Any CPU
		{68082B89-ECF2-4801-B9FC-75557C8CBA99}.Release|x86.Build.0 = Release|Any CPU
		{40CD805B-F664-4B26-A165-FB00EEA1D9E8}.Debug|Any CPU.ActiveCfg = Debug|Any CPU
		{40CD805B-F664-4B26-A165-FB00EEA1D9E8}.Debug|Any CPU.Build.0 = Debug|Any CPU
		{40CD805B-F664-4B26-A165-FB00EEA1D9E8}.Debug|x64.ActiveCfg = Debug|Any CPU
		{40CD805B-F664-4B26-A165-FB00EEA1D9E8}.Debug|x64.Build.0 = Debug|Any CPU
		{40CD805B-F664-4B26-A165-FB00EEA1D9E8}.Debug|x86.ActiveCfg = Debug|Any CPU
		{40CD805B-F664-4B26-A165-FB00EEA1D9E8}.Debug|x86.Build.0 = Debug|Any CPU
		{40CD805B-F664-4B26-A165-FB00EEA1D9E8}.Release|Any CPU.ActiveCfg = Release|Any CPU
		{40CD805B-F664-4B26-A165-FB00EEA1D9E8}.Release|Any CPU.Build.0 = Release|Any CPU
		{40CD805B-F664-4B26-A165-FB00EEA1D9E8}.Release|x64.ActiveCfg = Release|Any CPU
		{40CD805B-F664-4B26-A165-FB00EEA1D9E8}.Release|x64.Build.0 = Release|Any CPU
		{40CD805B-F664-4B26-A165-FB00EEA1D9E8}.Release|x86.ActiveCfg = Release|Any CPU
		{40CD805B-F664-4B26-A165-FB00EEA1D9E8}.Release|x86.Build.0 = Release|Any CPU
		{BDE75252-B1BB-480A-A7AE-3114E939F3B8}.Debug|Any CPU.ActiveCfg = Debug|Any CPU
		{BDE75252-B1BB-480A-A7AE-3114E939F3B8}.Debug|Any CPU.Build.0 = Debug|Any CPU
		{BDE75252-B1BB-480A-A7AE-3114E939F3B8}.Debug|x64.ActiveCfg = Debug|Any CPU
		{BDE75252-B1BB-480A-A7AE-3114E939F3B8}.Debug|x64.Build.0 = Debug|Any CPU
		{BDE75252-B1BB-480A-A7AE-3114E939F3B8}.Debug|x86.ActiveCfg = Debug|Any CPU
		{BDE75252-B1BB-480A-A7AE-3114E939F3B8}.Debug|x86.Build.0 = Debug|Any CPU
		{BDE75252-B1BB-480A-A7AE-3114E939F3B8}.Release|Any CPU.ActiveCfg = Release|Any CPU
		{BDE75252-B1BB-480A-A7AE-3114E939F3B8}.Release|Any CPU.Build.0 = Release|Any CPU
		{BDE75252-B1BB-480A-A7AE-3114E939F3B8}.Release|x64.ActiveCfg = Release|Any CPU
		{BDE75252-B1BB-480A-A7AE-3114E939F3B8}.Release|x64.Build.0 = Release|Any CPU
		{BDE75252-B1BB-480A-A7AE-3114E939F3B8}.Release|x86.ActiveCfg = Release|Any CPU
		{BDE75252-B1BB-480A-A7AE-3114E939F3B8}.Release|x86.Build.0 = Release|Any CPU
		{F8000BCB-676A-40F0-9CF0-07827FA32738}.Debug|Any CPU.ActiveCfg = Debug|Any CPU
		{F8000BCB-676A-40F0-9CF0-07827FA32738}.Debug|Any CPU.Build.0 = Debug|Any CPU
		{F8000BCB-676A-40F0-9CF0-07827FA32738}.Debug|x64.ActiveCfg = Debug|Any CPU
		{F8000BCB-676A-40F0-9CF0-07827FA32738}.Debug|x64.Build.0 = Debug|Any CPU
		{F8000BCB-676A-40F0-9CF0-07827FA32738}.Debug|x86.ActiveCfg = Debug|Any CPU
		{F8000BCB-676A-40F0-9CF0-07827FA32738}.Debug|x86.Build.0 = Debug|Any CPU
		{F8000BCB-676A-40F0-9CF0-07827FA32738}.Release|Any CPU.ActiveCfg = Release|Any CPU
		{F8000BCB-676A-40F0-9CF0-07827FA32738}.Release|Any CPU.Build.0 = Release|Any CPU
		{F8000BCB-676A-40F0-9CF0-07827FA32738}.Release|x64.ActiveCfg = Release|Any CPU
		{F8000BCB-676A-40F0-9CF0-07827FA32738}.Release|x64.Build.0 = Release|Any CPU
		{F8000BCB-676A-40F0-9CF0-07827FA32738}.Release|x86.ActiveCfg = Release|Any CPU
		{F8000BCB-676A-40F0-9CF0-07827FA32738}.Release|x86.Build.0 = Release|Any CPU
		{04B99A89-5A47-4FB4-B7FE-40F1B9007899}.Debug|Any CPU.ActiveCfg = Debug|Any CPU
		{04B99A89-5A47-4FB4-B7FE-40F1B9007899}.Debug|Any CPU.Build.0 = Debug|Any CPU
		{04B99A89-5A47-4FB4-B7FE-40F1B9007899}.Debug|x64.ActiveCfg = Debug|Any CPU
		{04B99A89-5A47-4FB4-B7FE-40F1B9007899}.Debug|x64.Build.0 = Debug|Any CPU
		{04B99A89-5A47-4FB4-B7FE-40F1B9007899}.Debug|x86.ActiveCfg = Debug|Any CPU
		{04B99A89-5A47-4FB4-B7FE-40F1B9007899}.Debug|x86.Build.0 = Debug|Any CPU
		{04B99A89-5A47-4FB4-B7FE-40F1B9007899}.Release|Any CPU.ActiveCfg = Release|Any CPU
		{04B99A89-5A47-4FB4-B7FE-40F1B9007899}.Release|Any CPU.Build.0 = Release|Any CPU
		{04B99A89-5A47-4FB4-B7FE-40F1B9007899}.Release|x64.ActiveCfg = Release|Any CPU
		{04B99A89-5A47-4FB4-B7FE-40F1B9007899}.Release|x64.Build.0 = Release|Any CPU
		{04B99A89-5A47-4FB4-B7FE-40F1B9007899}.Release|x86.ActiveCfg = Release|Any CPU
		{04B99A89-5A47-4FB4-B7FE-40F1B9007899}.Release|x86.Build.0 = Release|Any CPU
		{B32B8700-8C8F-497C-A085-728703A227C3}.Debug|Any CPU.ActiveCfg = Debug|Any CPU
		{B32B8700-8C8F-497C-A085-728703A227C3}.Debug|Any CPU.Build.0 = Debug|Any CPU
		{B32B8700-8C8F-497C-A085-728703A227C3}.Debug|x64.ActiveCfg = Debug|Any CPU
		{B32B8700-8C8F-497C-A085-728703A227C3}.Debug|x64.Build.0 = Debug|Any CPU
		{B32B8700-8C8F-497C-A085-728703A227C3}.Debug|x86.ActiveCfg = Debug|Any CPU
		{B32B8700-8C8F-497C-A085-728703A227C3}.Debug|x86.Build.0 = Debug|Any CPU
		{B32B8700-8C8F-497C-A085-728703A227C3}.Release|Any CPU.ActiveCfg = Release|Any CPU
		{B32B8700-8C8F-497C-A085-728703A227C3}.Release|Any CPU.Build.0 = Release|Any CPU
		{B32B8700-8C8F-497C-A085-728703A227C3}.Release|x64.ActiveCfg = Release|Any CPU
		{B32B8700-8C8F-497C-A085-728703A227C3}.Release|x64.Build.0 = Release|Any CPU
		{B32B8700-8C8F-497C-A085-728703A227C3}.Release|x86.ActiveCfg = Release|Any CPU
		{B32B8700-8C8F-497C-A085-728703A227C3}.Release|x86.Build.0 = Release|Any CPU
		{A14CCEB7-BBFF-46C0-A725-C764EDF505FB}.Debug|Any CPU.ActiveCfg = Debug|Any CPU
		{A14CCEB7-BBFF-46C0-A725-C764EDF505FB}.Debug|Any CPU.Build.0 = Debug|Any CPU
		{A14CCEB7-BBFF-46C0-A725-C764EDF505FB}.Debug|x64.ActiveCfg = Debug|Any CPU
		{A14CCEB7-BBFF-46C0-A725-C764EDF505FB}.Debug|x64.Build.0 = Debug|Any CPU
		{A14CCEB7-BBFF-46C0-A725-C764EDF505FB}.Debug|x86.ActiveCfg = Debug|Any CPU
		{A14CCEB7-BBFF-46C0-A725-C764EDF505FB}.Debug|x86.Build.0 = Debug|Any CPU
		{A14CCEB7-BBFF-46C0-A725-C764EDF505FB}.Release|Any CPU.ActiveCfg = Release|Any CPU
		{A14CCEB7-BBFF-46C0-A725-C764EDF505FB}.Release|Any CPU.Build.0 = Release|Any CPU
		{A14CCEB7-BBFF-46C0-A725-C764EDF505FB}.Release|x64.ActiveCfg = Release|Any CPU
		{A14CCEB7-BBFF-46C0-A725-C764EDF505FB}.Release|x64.Build.0 = Release|Any CPU
		{A14CCEB7-BBFF-46C0-A725-C764EDF505FB}.Release|x86.ActiveCfg = Release|Any CPU
		{A14CCEB7-BBFF-46C0-A725-C764EDF505FB}.Release|x86.Build.0 = Release|Any CPU
		{28298DF6-1410-44E0-A21A-1FD4EA96B642}.Debug|Any CPU.ActiveCfg = Debug|Any CPU
		{28298DF6-1410-44E0-A21A-1FD4EA96B642}.Debug|Any CPU.Build.0 = Debug|Any CPU
		{28298DF6-1410-44E0-A21A-1FD4EA96B642}.Debug|x64.ActiveCfg = Debug|Any CPU
		{28298DF6-1410-44E0-A21A-1FD4EA96B642}.Debug|x64.Build.0 = Debug|Any CPU
		{28298DF6-1410-44E0-A21A-1FD4EA96B642}.Debug|x86.ActiveCfg = Debug|Any CPU
		{28298DF6-1410-44E0-A21A-1FD4EA96B642}.Debug|x86.Build.0 = Debug|Any CPU
		{28298DF6-1410-44E0-A21A-1FD4EA96B642}.Release|Any CPU.ActiveCfg = Release|Any CPU
		{28298DF6-1410-44E0-A21A-1FD4EA96B642}.Release|Any CPU.Build.0 = Release|Any CPU
		{28298DF6-1410-44E0-A21A-1FD4EA96B642}.Release|x64.ActiveCfg = Release|Any CPU
		{28298DF6-1410-44E0-A21A-1FD4EA96B642}.Release|x64.Build.0 = Release|Any CPU
		{28298DF6-1410-44E0-A21A-1FD4EA96B642}.Release|x86.ActiveCfg = Release|Any CPU
		{28298DF6-1410-44E0-A21A-1FD4EA96B642}.Release|x86.Build.0 = Release|Any CPU
		{EA37547B-7872-437B-ABF1-B0D25F8F1E48}.Debug|Any CPU.ActiveCfg = Debug|Any CPU
		{EA37547B-7872-437B-ABF1-B0D25F8F1E48}.Debug|Any CPU.Build.0 = Debug|Any CPU
		{EA37547B-7872-437B-ABF1-B0D25F8F1E48}.Debug|x64.ActiveCfg = Debug|Any CPU
		{EA37547B-7872-437B-ABF1-B0D25F8F1E48}.Debug|x64.Build.0 = Debug|Any CPU
		{EA37547B-7872-437B-ABF1-B0D25F8F1E48}.Debug|x86.ActiveCfg = Debug|Any CPU
		{EA37547B-7872-437B-ABF1-B0D25F8F1E48}.Debug|x86.Build.0 = Debug|Any CPU
		{EA37547B-7872-437B-ABF1-B0D25F8F1E48}.Release|Any CPU.ActiveCfg = Release|Any CPU
		{EA37547B-7872-437B-ABF1-B0D25F8F1E48}.Release|Any CPU.Build.0 = Release|Any CPU
		{EA37547B-7872-437B-ABF1-B0D25F8F1E48}.Release|x64.ActiveCfg = Release|Any CPU
		{EA37547B-7872-437B-ABF1-B0D25F8F1E48}.Release|x64.Build.0 = Release|Any CPU
		{EA37547B-7872-437B-ABF1-B0D25F8F1E48}.Release|x86.ActiveCfg = Release|Any CPU
		{EA37547B-7872-437B-ABF1-B0D25F8F1E48}.Release|x86.Build.0 = Release|Any CPU
		{F1B429B5-EDBB-46F4-BEE7-7DFF6D403B99}.Debug|Any CPU.ActiveCfg = Debug|Any CPU
		{F1B429B5-EDBB-46F4-BEE7-7DFF6D403B99}.Debug|Any CPU.Build.0 = Debug|Any CPU
		{F1B429B5-EDBB-46F4-BEE7-7DFF6D403B99}.Debug|x64.ActiveCfg = Debug|Any CPU
		{F1B429B5-EDBB-46F4-BEE7-7DFF6D403B99}.Debug|x64.Build.0 = Debug|Any CPU
		{F1B429B5-EDBB-46F4-BEE7-7DFF6D403B99}.Debug|x86.ActiveCfg = Debug|Any CPU
		{F1B429B5-EDBB-46F4-BEE7-7DFF6D403B99}.Debug|x86.Build.0 = Debug|Any CPU
		{F1B429B5-EDBB-46F4-BEE7-7DFF6D403B99}.Release|Any CPU.ActiveCfg = Release|Any CPU
		{F1B429B5-EDBB-46F4-BEE7-7DFF6D403B99}.Release|Any CPU.Build.0 = Release|Any CPU
		{F1B429B5-EDBB-46F4-BEE7-7DFF6D403B99}.Release|x64.ActiveCfg = Release|Any CPU
		{F1B429B5-EDBB-46F4-BEE7-7DFF6D403B99}.Release|x64.Build.0 = Release|Any CPU
		{F1B429B5-EDBB-46F4-BEE7-7DFF6D403B99}.Release|x86.ActiveCfg = Release|Any CPU
		{F1B429B5-EDBB-46F4-BEE7-7DFF6D403B99}.Release|x86.Build.0 = Release|Any CPU
		{5704CBCA-84DB-4919-8DE9-8F111486CB88}.Debug|Any CPU.ActiveCfg = Debug|Any CPU
		{5704CBCA-84DB-4919-8DE9-8F111486CB88}.Debug|Any CPU.Build.0 = Debug|Any CPU
		{5704CBCA-84DB-4919-8DE9-8F111486CB88}.Debug|x64.ActiveCfg = Debug|Any CPU
		{5704CBCA-84DB-4919-8DE9-8F111486CB88}.Debug|x64.Build.0 = Debug|Any CPU
		{5704CBCA-84DB-4919-8DE9-8F111486CB88}.Debug|x86.ActiveCfg = Debug|Any CPU
		{5704CBCA-84DB-4919-8DE9-8F111486CB88}.Debug|x86.Build.0 = Debug|Any CPU
		{5704CBCA-84DB-4919-8DE9-8F111486CB88}.Release|Any CPU.ActiveCfg = Release|Any CPU
		{5704CBCA-84DB-4919-8DE9-8F111486CB88}.Release|Any CPU.Build.0 = Release|Any CPU
		{5704CBCA-84DB-4919-8DE9-8F111486CB88}.Release|x64.ActiveCfg = Release|Any CPU
		{5704CBCA-84DB-4919-8DE9-8F111486CB88}.Release|x64.Build.0 = Release|Any CPU
		{5704CBCA-84DB-4919-8DE9-8F111486CB88}.Release|x86.ActiveCfg = Release|Any CPU
		{5704CBCA-84DB-4919-8DE9-8F111486CB88}.Release|x86.Build.0 = Release|Any CPU
		{F0926C60-6030-4726-9FC9-DA27D2BC43B0}.Debug|Any CPU.ActiveCfg = Debug|Any CPU
		{F0926C60-6030-4726-9FC9-DA27D2BC43B0}.Debug|Any CPU.Build.0 = Debug|Any CPU
		{F0926C60-6030-4726-9FC9-DA27D2BC43B0}.Debug|x64.ActiveCfg = Debug|Any CPU
		{F0926C60-6030-4726-9FC9-DA27D2BC43B0}.Debug|x64.Build.0 = Debug|Any CPU
		{F0926C60-6030-4726-9FC9-DA27D2BC43B0}.Debug|x86.ActiveCfg = Debug|Any CPU
		{F0926C60-6030-4726-9FC9-DA27D2BC43B0}.Debug|x86.Build.0 = Debug|Any CPU
		{F0926C60-6030-4726-9FC9-DA27D2BC43B0}.Release|Any CPU.ActiveCfg = Release|Any CPU
		{F0926C60-6030-4726-9FC9-DA27D2BC43B0}.Release|Any CPU.Build.0 = Release|Any CPU
		{F0926C60-6030-4726-9FC9-DA27D2BC43B0}.Release|x64.ActiveCfg = Release|Any CPU
		{F0926C60-6030-4726-9FC9-DA27D2BC43B0}.Release|x64.Build.0 = Release|Any CPU
		{F0926C60-6030-4726-9FC9-DA27D2BC43B0}.Release|x86.ActiveCfg = Release|Any CPU
		{F0926C60-6030-4726-9FC9-DA27D2BC43B0}.Release|x86.Build.0 = Release|Any CPU
		{6EE68D80-1B25-4B37-A6EE-CB392FC52967}.Debug|Any CPU.ActiveCfg = Debug|Any CPU
		{6EE68D80-1B25-4B37-A6EE-CB392FC52967}.Debug|Any CPU.Build.0 = Debug|Any CPU
		{6EE68D80-1B25-4B37-A6EE-CB392FC52967}.Debug|x64.ActiveCfg = Debug|Any CPU
		{6EE68D80-1B25-4B37-A6EE-CB392FC52967}.Debug|x64.Build.0 = Debug|Any CPU
		{6EE68D80-1B25-4B37-A6EE-CB392FC52967}.Debug|x86.ActiveCfg = Debug|Any CPU
		{6EE68D80-1B25-4B37-A6EE-CB392FC52967}.Debug|x86.Build.0 = Debug|Any CPU
		{6EE68D80-1B25-4B37-A6EE-CB392FC52967}.Release|Any CPU.ActiveCfg = Release|Any CPU
		{6EE68D80-1B25-4B37-A6EE-CB392FC52967}.Release|Any CPU.Build.0 = Release|Any CPU
		{6EE68D80-1B25-4B37-A6EE-CB392FC52967}.Release|x64.ActiveCfg = Release|Any CPU
		{6EE68D80-1B25-4B37-A6EE-CB392FC52967}.Release|x64.Build.0 = Release|Any CPU
		{6EE68D80-1B25-4B37-A6EE-CB392FC52967}.Release|x86.ActiveCfg = Release|Any CPU
		{6EE68D80-1B25-4B37-A6EE-CB392FC52967}.Release|x86.Build.0 = Release|Any CPU
		{3EDE1B83-FC41-4A86-AF7E-7E8246DFA91D}.Debug|Any CPU.ActiveCfg = Debug|Any CPU
		{3EDE1B83-FC41-4A86-AF7E-7E8246DFA91D}.Debug|Any CPU.Build.0 = Debug|Any CPU
		{3EDE1B83-FC41-4A86-AF7E-7E8246DFA91D}.Debug|x64.ActiveCfg = Debug|Any CPU
		{3EDE1B83-FC41-4A86-AF7E-7E8246DFA91D}.Debug|x64.Build.0 = Debug|Any CPU
		{3EDE1B83-FC41-4A86-AF7E-7E8246DFA91D}.Debug|x86.ActiveCfg = Debug|Any CPU
		{3EDE1B83-FC41-4A86-AF7E-7E8246DFA91D}.Debug|x86.Build.0 = Debug|Any CPU
		{3EDE1B83-FC41-4A86-AF7E-7E8246DFA91D}.Release|Any CPU.ActiveCfg = Release|Any CPU
		{3EDE1B83-FC41-4A86-AF7E-7E8246DFA91D}.Release|Any CPU.Build.0 = Release|Any CPU
		{3EDE1B83-FC41-4A86-AF7E-7E8246DFA91D}.Release|x64.ActiveCfg = Release|Any CPU
		{3EDE1B83-FC41-4A86-AF7E-7E8246DFA91D}.Release|x64.Build.0 = Release|Any CPU
		{3EDE1B83-FC41-4A86-AF7E-7E8246DFA91D}.Release|x86.ActiveCfg = Release|Any CPU
		{3EDE1B83-FC41-4A86-AF7E-7E8246DFA91D}.Release|x86.Build.0 = Release|Any CPU
		{1A731ACA-8418-4ED8-98C6-538E522D8B77}.Debug|Any CPU.ActiveCfg = Debug|Any CPU
		{1A731ACA-8418-4ED8-98C6-538E522D8B77}.Debug|Any CPU.Build.0 = Debug|Any CPU
		{1A731ACA-8418-4ED8-98C6-538E522D8B77}.Debug|x64.ActiveCfg = Debug|Any CPU
		{1A731ACA-8418-4ED8-98C6-538E522D8B77}.Debug|x64.Build.0 = Debug|Any CPU
		{1A731ACA-8418-4ED8-98C6-538E522D8B77}.Debug|x86.ActiveCfg = Debug|Any CPU
		{1A731ACA-8418-4ED8-98C6-538E522D8B77}.Debug|x86.Build.0 = Debug|Any CPU
		{1A731ACA-8418-4ED8-98C6-538E522D8B77}.Release|Any CPU.ActiveCfg = Release|Any CPU
		{1A731ACA-8418-4ED8-98C6-538E522D8B77}.Release|Any CPU.Build.0 = Release|Any CPU
		{1A731ACA-8418-4ED8-98C6-538E522D8B77}.Release|x64.ActiveCfg = Release|Any CPU
		{1A731ACA-8418-4ED8-98C6-538E522D8B77}.Release|x64.Build.0 = Release|Any CPU
		{1A731ACA-8418-4ED8-98C6-538E522D8B77}.Release|x86.ActiveCfg = Release|Any CPU
		{1A731ACA-8418-4ED8-98C6-538E522D8B77}.Release|x86.Build.0 = Release|Any CPU
		{402386D1-1AA0-4BBD-8EC1-B087F38A61E9}.Debug|Any CPU.ActiveCfg = Debug|Any CPU
		{402386D1-1AA0-4BBD-8EC1-B087F38A61E9}.Debug|Any CPU.Build.0 = Debug|Any CPU
		{402386D1-1AA0-4BBD-8EC1-B087F38A61E9}.Debug|x64.ActiveCfg = Debug|Any CPU
		{402386D1-1AA0-4BBD-8EC1-B087F38A61E9}.Debug|x64.Build.0 = Debug|Any CPU
		{402386D1-1AA0-4BBD-8EC1-B087F38A61E9}.Debug|x86.ActiveCfg = Debug|Any CPU
		{402386D1-1AA0-4BBD-8EC1-B087F38A61E9}.Debug|x86.Build.0 = Debug|Any CPU
		{402386D1-1AA0-4BBD-8EC1-B087F38A61E9}.Release|Any CPU.ActiveCfg = Release|Any CPU
		{402386D1-1AA0-4BBD-8EC1-B087F38A61E9}.Release|Any CPU.Build.0 = Release|Any CPU
		{402386D1-1AA0-4BBD-8EC1-B087F38A61E9}.Release|x64.ActiveCfg = Release|Any CPU
		{402386D1-1AA0-4BBD-8EC1-B087F38A61E9}.Release|x64.Build.0 = Release|Any CPU
		{402386D1-1AA0-4BBD-8EC1-B087F38A61E9}.Release|x86.ActiveCfg = Release|Any CPU
		{402386D1-1AA0-4BBD-8EC1-B087F38A61E9}.Release|x86.Build.0 = Release|Any CPU
		{D2A04F7A-8050-45B5-8D98-ADE3C0976F6C}.Debug|Any CPU.ActiveCfg = Debug|Any CPU
		{D2A04F7A-8050-45B5-8D98-ADE3C0976F6C}.Debug|Any CPU.Build.0 = Debug|Any CPU
		{D2A04F7A-8050-45B5-8D98-ADE3C0976F6C}.Debug|x64.ActiveCfg = Debug|Any CPU
		{D2A04F7A-8050-45B5-8D98-ADE3C0976F6C}.Debug|x64.Build.0 = Debug|Any CPU
		{D2A04F7A-8050-45B5-8D98-ADE3C0976F6C}.Debug|x86.ActiveCfg = Debug|Any CPU
		{D2A04F7A-8050-45B5-8D98-ADE3C0976F6C}.Debug|x86.Build.0 = Debug|Any CPU
		{D2A04F7A-8050-45B5-8D98-ADE3C0976F6C}.Release|Any CPU.ActiveCfg = Release|Any CPU
		{D2A04F7A-8050-45B5-8D98-ADE3C0976F6C}.Release|Any CPU.Build.0 = Release|Any CPU
		{D2A04F7A-8050-45B5-8D98-ADE3C0976F6C}.Release|x64.ActiveCfg = Release|Any CPU
		{D2A04F7A-8050-45B5-8D98-ADE3C0976F6C}.Release|x64.Build.0 = Release|Any CPU
		{D2A04F7A-8050-45B5-8D98-ADE3C0976F6C}.Release|x86.ActiveCfg = Release|Any CPU
		{D2A04F7A-8050-45B5-8D98-ADE3C0976F6C}.Release|x86.Build.0 = Release|Any CPU
		{0D11D95C-B6EF-464B-9505-6B79D8833AE3}.Debug|Any CPU.ActiveCfg = Debug|Any CPU
		{0D11D95C-B6EF-464B-9505-6B79D8833AE3}.Debug|Any CPU.Build.0 = Debug|Any CPU
		{0D11D95C-B6EF-464B-9505-6B79D8833AE3}.Debug|x64.ActiveCfg = Debug|Any CPU
		{0D11D95C-B6EF-464B-9505-6B79D8833AE3}.Debug|x64.Build.0 = Debug|Any CPU
		{0D11D95C-B6EF-464B-9505-6B79D8833AE3}.Debug|x86.ActiveCfg = Debug|Any CPU
		{0D11D95C-B6EF-464B-9505-6B79D8833AE3}.Debug|x86.Build.0 = Debug|Any CPU
		{0D11D95C-B6EF-464B-9505-6B79D8833AE3}.Release|Any CPU.ActiveCfg = Release|Any CPU
		{0D11D95C-B6EF-464B-9505-6B79D8833AE3}.Release|Any CPU.Build.0 = Release|Any CPU
		{0D11D95C-B6EF-464B-9505-6B79D8833AE3}.Release|x64.ActiveCfg = Release|Any CPU
		{0D11D95C-B6EF-464B-9505-6B79D8833AE3}.Release|x64.Build.0 = Release|Any CPU
		{0D11D95C-B6EF-464B-9505-6B79D8833AE3}.Release|x86.ActiveCfg = Release|Any CPU
		{0D11D95C-B6EF-464B-9505-6B79D8833AE3}.Release|x86.Build.0 = Release|Any CPU
	EndGlobalSection
	GlobalSection(NestedProjects) = preSolution
		{C710E75A-BBC1-49C2-A249-47F1D2ECD1BB} = {F13F4996-6D0A-412E-B542-15760A125337}
		{219BF0ED-DF1E-420F-AAB7-3F568A4B29FF} = {F13F4996-6D0A-412E-B542-15760A125337}
		{25EAF709-B0F2-48CA-8F71-0EA82940CB7F} = {F13F4996-6D0A-412E-B542-15760A125337}
		{6D0E5E76-6B7A-41D0-9E06-C141BA38152B} = {F13F4996-6D0A-412E-B542-15760A125337}
		{68082B89-ECF2-4801-B9FC-75557C8CBA99} = {F13F4996-6D0A-412E-B542-15760A125337}
		{40CD805B-F664-4B26-A165-FB00EEA1D9E8} = {F13F4996-6D0A-412E-B542-15760A125337}
		{BDE75252-B1BB-480A-A7AE-3114E939F3B8} = {B40B65ED-BEBE-495E-9259-BB1F103E57A0}
		{F8000BCB-676A-40F0-9CF0-07827FA32738} = {B40B65ED-BEBE-495E-9259-BB1F103E57A0}
		{04B99A89-5A47-4FB4-B7FE-40F1B9007899} = {B40B65ED-BEBE-495E-9259-BB1F103E57A0}
		{B32B8700-8C8F-497C-A085-728703A227C3} = {B40B65ED-BEBE-495E-9259-BB1F103E57A0}
		{A14CCEB7-BBFF-46C0-A725-C764EDF505FB} = {B40B65ED-BEBE-495E-9259-BB1F103E57A0}
		{28298DF6-1410-44E0-A21A-1FD4EA96B642} = {B40B65ED-BEBE-495E-9259-BB1F103E57A0}
		{EA37547B-7872-437B-ABF1-B0D25F8F1E48} = {B40B65ED-BEBE-495E-9259-BB1F103E57A0}
		{F1B429B5-EDBB-46F4-BEE7-7DFF6D403B99} = {1B39097B-5F93-44FF-83CC-5830555ABD80}
		{5704CBCA-84DB-4919-8DE9-8F111486CB88} = {1B39097B-5F93-44FF-83CC-5830555ABD80}
		{F0926C60-6030-4726-9FC9-DA27D2BC43B0} = {1B39097B-5F93-44FF-83CC-5830555ABD80}
		{6EE68D80-1B25-4B37-A6EE-CB392FC52967} = {1B39097B-5F93-44FF-83CC-5830555ABD80}
		{3EDE1B83-FC41-4A86-AF7E-7E8246DFA91D} = {1B39097B-5F93-44FF-83CC-5830555ABD80}
		{1A731ACA-8418-4ED8-98C6-538E522D8B77} = {1B39097B-5F93-44FF-83CC-5830555ABD80}
		{402386D1-1AA0-4BBD-8EC1-B087F38A61E9} = {1B39097B-5F93-44FF-83CC-5830555ABD80}
		{D2A04F7A-8050-45B5-8D98-ADE3C0976F6C} = {1B39097B-5F93-44FF-83CC-5830555ABD80}
		{0D11D95C-B6EF-464B-9505-6B79D8833AE3} = {1B39097B-5F93-44FF-83CC-5830555ABD80}
	EndGlobalSection
EndGlobal
